// !$*UTF8*$!
{
	archiveVersion = 1;
	classes = {
	};
	objectVersion = 46;
	objects = {

/* Begin PBXBuildFile section */
		04D6FA4C1F0A745A0091EFDE /* AppDelegate.swift in Sources */ = {isa = PBXBuildFile; fileRef = 04D6FA4B1F0A745A0091EFDE /* AppDelegate.swift */; };
		04D6FA4E1F0A745A0091EFDE /* ViewController.swift in Sources */ = {isa = PBXBuildFile; fileRef = 04D6FA4D1F0A745A0091EFDE /* ViewController.swift */; };
		04D6FA511F0A745A0091EFDE /* Main.storyboard in Resources */ = {isa = PBXBuildFile; fileRef = 04D6FA4F1F0A745A0091EFDE /* Main.storyboard */; };
		04D6FA531F0A745A0091EFDE /* Assets.xcassets in Resources */ = {isa = PBXBuildFile; fileRef = 04D6FA521F0A745A0091EFDE /* Assets.xcassets */; };
		04D6FA561F0A745A0091EFDE /* LaunchScreen.storyboard in Resources */ = {isa = PBXBuildFile; fileRef = 04D6FA541F0A745A0091EFDE /* LaunchScreen.storyboard */; };
		04D6FA5E1F0A747F0091EFDE /* GoogleService-Info.plist in Resources */ = {isa = PBXBuildFile; fileRef = 04D6FA5D1F0A747F0091EFDE /* GoogleService-Info.plist */; };
		159D168EDB6FF25584066B15 /* Pods_ios1.framework in Frameworks */ = {isa = PBXBuildFile; fileRef = 3E0EDCEE900709D615516E26 /* Pods_ios1.framework */; };
/* End PBXBuildFile section */

/* Begin PBXFileReference section */
		04D6FA481F0A745A0091EFDE /* ios1.app */ = {isa = PBXFileReference; explicitFileType = wrapper.application; includeInIndex = 0; path = ios1.app; sourceTree = BUILT_PRODUCTS_DIR; };
		04D6FA4B1F0A745A0091EFDE /* AppDelegate.swift */ = {isa = PBXFileReference; lastKnownFileType = sourcecode.swift; path = AppDelegate.swift; sourceTree = "<group>"; };
		04D6FA4D1F0A745A0091EFDE /* ViewController.swift */ = {isa = PBXFileReference; lastKnownFileType = sourcecode.swift; path = ViewController.swift; sourceTree = "<group>"; };
		04D6FA501F0A745A0091EFDE /* Base */ = {isa = PBXFileReference; lastKnownFileType = file.storyboard; name = Base; path = Base.lproj/Main.storyboard; sourceTree = "<group>"; };
		04D6FA521F0A745A0091EFDE /* Assets.xcassets */ = {isa = PBXFileReference; lastKnownFileType = folder.assetcatalog; path = Assets.xcassets; sourceTree = "<group>"; };
		04D6FA551F0A745A0091EFDE /* Base */ = {isa = PBXFileReference; lastKnownFileType = file.storyboard; name = Base; path = Base.lproj/LaunchScreen.storyboard; sourceTree = "<group>"; };
		04D6FA571F0A745A0091EFDE /* Info.plist */ = {isa = PBXFileReference; lastKnownFileType = text.plist.xml; path = Info.plist; sourceTree = "<group>"; };
		04D6FA5D1F0A747F0091EFDE /* GoogleService-Info.plist */ = {isa = PBXFileReference; fileEncoding = 4; lastKnownFileType = text.plist.xml; path = "GoogleService-Info.plist"; sourceTree = "<group>"; };
		36A4E682F0FB61BDFCC181AA /* Pods-ios1.release.xcconfig */ = {isa = PBXFileReference; includeInIndex = 1; lastKnownFileType = text.xcconfig; name = "Pods-ios1.release.xcconfig"; path = "Pods/Target Support Files/Pods-ios1/Pods-ios1.release.xcconfig"; sourceTree = "<group>"; };
		3E0EDCEE900709D615516E26 /* Pods_ios1.framework */ = {isa = PBXFileReference; explicitFileType = wrapper.framework; includeInIndex = 0; path = Pods_ios1.framework; sourceTree = BUILT_PRODUCTS_DIR; };
		61FABB35AAA78C5985CCB57F /* Pods-ios1.debug.xcconfig */ = {isa = PBXFileReference; includeInIndex = 1; lastKnownFileType = text.xcconfig; name = "Pods-ios1.debug.xcconfig"; path = "Pods/Target Support Files/Pods-ios1/Pods-ios1.debug.xcconfig"; sourceTree = "<group>"; };
/* End PBXFileReference section */

/* Begin PBXFrameworksBuildPhase section */
		04D6FA451F0A745A0091EFDE /* Frameworks */ = {
			isa = PBXFrameworksBuildPhase;
			buildActionMask = 2147483647;
			files = (
				159D168EDB6FF25584066B15 /* Pods_ios1.framework in Frameworks */,
			);
			runOnlyForDeploymentPostprocessing = 0;
		};
/* End PBXFrameworksBuildPhase section */

/* Begin PBXGroup section */
		04D6FA3F1F0A745A0091EFDE = {
			isa = PBXGroup;
			children = (
				04D6FA4A1F0A745A0091EFDE /* ios1 */,
				04D6FA491F0A745A0091EFDE /* Products */,
				BE6A354A9B8841F48200ECB3 /* Pods */,
				EADE7849FBC889FD377CEFA4 /* Frameworks */,
			);
			sourceTree = "<group>";
		};
		04D6FA491F0A745A0091EFDE /* Products */ = {
			isa = PBXGroup;
			children = (
				04D6FA481F0A745A0091EFDE /* ios1.app */,
			);
			name = Products;
			sourceTree = "<group>";
		};
		04D6FA4A1F0A745A0091EFDE /* ios1 */ = {
			isa = PBXGroup;
			children = (
				04D6FA5D1F0A747F0091EFDE /* GoogleService-Info.plist */,
				04D6FA4B1F0A745A0091EFDE /* AppDelegate.swift */,
				04D6FA4D1F0A745A0091EFDE /* ViewController.swift */,
				04D6FA4F1F0A745A0091EFDE /* Main.storyboard */,
				04D6FA521F0A745A0091EFDE /* Assets.xcassets */,
				04D6FA541F0A745A0091EFDE /* LaunchScreen.storyboard */,
				04D6FA571F0A745A0091EFDE /* Info.plist */,
			);
			path = ios1;
			sourceTree = "<group>";
		};
		BE6A354A9B8841F48200ECB3 /* Pods */ = {
			isa = PBXGroup;
			children = (
				61FABB35AAA78C5985CCB57F /* Pods-ios1.debug.xcconfig */,
				36A4E682F0FB61BDFCC181AA /* Pods-ios1.release.xcconfig */,
			);
			name = Pods;
			sourceTree = "<group>";
		};
		EADE7849FBC889FD377CEFA4 /* Frameworks */ = {
			isa = PBXGroup;
			children = (
				3E0EDCEE900709D615516E26 /* Pods_ios1.framework */,
			);
			name = Frameworks;
			sourceTree = "<group>";
		};
/* End PBXGroup section */

/* Begin PBXNativeTarget section */
		04D6FA471F0A745A0091EFDE /* ios1 */ = {
			isa = PBXNativeTarget;
			buildConfigurationList = 04D6FA5A1F0A745A0091EFDE /* Build configuration list for PBXNativeTarget "ios1" */;
			buildPhases = (
				FBDE0ADF8DE46DF698CACEA9 /* [CP] Check Pods Manifest.lock */,
				04D6FA441F0A745A0091EFDE /* Sources */,
				04D6FA451F0A745A0091EFDE /* Frameworks */,
				04D6FA461F0A745A0091EFDE /* Resources */,
				777A6AB017FD00E60315D69A /* [CP] Embed Pods Frameworks */,
				81C48E77F45202BBF68678D9 /* [CP] Copy Pods Resources */,
			);
			buildRules = (
			);
			dependencies = (
			);
			name = ios1;
			productName = ios1;
			productReference = 04D6FA481F0A745A0091EFDE /* ios1.app */;
			productType = "com.apple.product-type.application";
		};
/* End PBXNativeTarget section */

/* Begin PBXProject section */
		04D6FA401F0A745A0091EFDE /* Project object */ = {
			isa = PBXProject;
			attributes = {
				LastSwiftUpdateCheck = 0830;
				LastUpgradeCheck = 0830;
				ORGANIZATIONNAME = gjun;
				TargetAttributes = {
					04D6FA471F0A745A0091EFDE = {
						CreatedOnToolsVersion = 8.3.1;
						DevelopmentTeam = XGZJX339KV;
						ProvisioningStyle = Automatic;
					};
				};
			};
			buildConfigurationList = 04D6FA431F0A745A0091EFDE /* Build configuration list for PBXProject "ios1" */;
			compatibilityVersion = "Xcode 3.2";
			developmentRegion = English;
			hasScannedForEncodings = 0;
			knownRegions = (
				en,
				Base,
			);
			mainGroup = 04D6FA3F1F0A745A0091EFDE;
			productRefGroup = 04D6FA491F0A745A0091EFDE /* Products */;
			projectDirPath = "";
			projectRoot = "";
			targets = (
				04D6FA471F0A745A0091EFDE /* ios1 */,
			);
		};
/* End PBXProject section */

/* Begin PBXResourcesBuildPhase section */
		04D6FA461F0A745A0091EFDE /* Resources */ = {
			isa = PBXResourcesBuildPhase;
			buildActionMask = 2147483647;
			files = (
				04D6FA561F0A745A0091EFDE /* LaunchScreen.storyboard in Resources */,
				04D6FA5E1F0A747F0091EFDE /* GoogleService-Info.plist in Resources */,
				04D6FA531F0A745A0091EFDE /* Assets.xcassets in Resources */,
				04D6FA511F0A745A0091EFDE /* Main.storyboard in Resources */,
			);
			runOnlyForDeploymentPostprocessing = 0;
		};
/* End PBXResourcesBuildPhase section */

/* Begin PBXShellScriptBuildPhase section */
		777A6AB017FD00E60315D69A /* [CP] Embed Pods Frameworks */ = {
			isa = PBXShellScriptBuildPhase;
			buildActionMask = 2147483647;
			files = (
			);
			inputPaths = (
			);
			name = "[CP] Embed Pods Frameworks";
			outputPaths = (
			);
			runOnlyForDeploymentPostprocessing = 0;
			shellPath = /bin/sh;
			shellScript = "\"${SRCROOT}/Pods/Target Support Files/Pods-ios1/Pods-ios1-frameworks.sh\"\n";
			showEnvVarsInLog = 0;
		};
		81C48E77F45202BBF68678D9 /* [CP] Copy Pods Resources */ = {
			isa = PBXShellScriptBuildPhase;
			buildActionMask = 2147483647;
			files = (
			);
			inputPaths = (
			);
			name = "[CP] Copy Pods Resources";
			outputPaths = (
			);
			runOnlyForDeploymentPostprocessing = 0;
			shellPath = /bin/sh;
			shellScript = "\"${SRCROOT}/Pods/Target Support Files/Pods-ios1/Pods-ios1-resources.sh\"\n";
			showEnvVarsInLog = 0;
		};
		FBDE0ADF8DE46DF698CACEA9 /* [CP] Check Pods Manifest.lock */ = {
			isa = PBXShellScriptBuildPhase;
			buildActionMask = 2147483647;
			files = (
			);
			inputPaths = (
			);
			name = "[CP] Check Pods Manifest.lock";
			outputPaths = (
			);
			runOnlyForDeploymentPostprocessing = 0;
			shellPath = /bin/sh;
			shellScript = "diff \"${PODS_PODFILE_DIR_PATH}/Podfile.lock\" \"${PODS_ROOT}/Manifest.lock\" > /dev/null\nif [ $? != 0 ] ; then\n    # print error to STDERR\n    echo \"error: The sandbox is not in sync with the Podfile.lock. Run 'pod install' or update your CocoaPods installation.\" >&2\n    exit 1\nfi\n";
			showEnvVarsInLog = 0;
		};
/* End PBXShellScriptBuildPhase section */

/* Begin PBXSourcesBuildPhase section */
		04D6FA441F0A745A0091EFDE /* Sources */ = {
			isa = PBXSourcesBuildPhase;
			buildActionMask = 2147483647;
			files = (
				04D6FA4E1F0A745A0091EFDE /* ViewController.swift in Sources */,
				04D6FA4C1F0A745A0091EFDE /* AppDelegate.swift in Sources */,
			);
			runOnlyForDeploymentPostprocessing = 0;
		};
/* End PBXSourcesBuildPhase section */

/* Begin PBXVariantGroup section */
		04D6FA4F1F0A745A0091EFDE /* Main.storyboard */ = {
			isa = PBXVariantGroup;
			children = (
				04D6FA501F0A745A0091EFDE /* Base */,
			);
			name = Main.storyboard;
			sourceTree = "<group>";
		};
		04D6FA541F0A745A0091EFDE /* LaunchScreen.storyboard */ = {
			isa = PBXVariantGroup;
			children = (
				04D6FA551F0A745A0091EFDE /* Base */,
			);
			name = LaunchScreen.storyboard;
			sourceTree = "<group>";
		};
/* End PBXVariantGroup section */

/* Begin XCBuildConfiguration section */
		04D6FA581F0A745A0091EFDE /* Debug */ = {
			isa = XCBuildConfiguration;
			buildSettings = {
				ALWAYS_SEARCH_USER_PATHS = NO;
				CLANG_ANALYZER_NONNULL = YES;
				CLANG_ANALYZER_NUMBER_OBJECT_CONVERSION = YES_AGGRESSIVE;
				CLANG_CXX_LANGUAGE_STANDARD = "gnu++0x";
				CLANG_CXX_LIBRARY = "libc++";
				CLANG_ENABLE_MODULES = YES;
				CLANG_ENABLE_OBJC_ARC = YES;
				CLANG_WARN_BOOL_CONVERSION = YES;
				CLANG_WARN_CONSTANT_CONVERSION = YES;
				CLANG_WARN_DIRECT_OBJC_ISA_USAGE = YES_ERROR;
				CLANG_WARN_DOCUMENTATION_COMMENTS = YES;
				CLANG_WARN_EMPTY_BODY = YES;
				CLANG_WARN_ENUM_CONVERSION = YES;
				CLANG_WARN_INFINITE_RECURSION = YES;
				CLANG_WARN_INT_CONVERSION = YES;
				CLANG_WARN_OBJC_ROOT_CLASS = YES_ERROR;
				CLANG_WARN_SUSPICIOUS_MOVE = YES;
				CLANG_WARN_UNREACHABLE_CODE = YES;
				CLANG_WARN__DUPLICATE_METHOD_MATCH = YES;
				"CODE_SIGN_IDENTITY[sdk=iphoneos*]" = "iPhone Developer";
				COPY_PHASE_STRIP = NO;
				DEBUG_INFORMATION_FORMAT = dwarf;
				ENABLE_STRICT_OBJC_MSGSEND = YES;
				ENABLE_TESTABILITY = YES;
				GCC_C_LANGUAGE_STANDARD = gnu99;
				GCC_DYNAMIC_NO_PIC = NO;
				GCC_NO_COMMON_BLOCKS = YES;
				GCC_OPTIMIZATION_LEVEL = 0;
				GCC_PREPROCESSOR_DEFINITIONS = (
					"DEBUG=1",
					"$(inherited)",
				);
				GCC_WARN_64_TO_32_BIT_CONVERSION = YES;
				GCC_WARN_ABOUT_RETURN_TYPE = YES_ERROR;
				GCC_WARN_UNDECLARED_SELECTOR = YES;
				GCC_WARN_UNINITIALIZED_AUTOS = YES_AGGRESSIVE;
				GCC_WARN_UNUSED_FUNCTION = YES;
				GCC_WARN_UNUSED_VARIABLE = YES;
				IPHONEOS_DEPLOYMENT_TARGET = 10.3;
				MTL_ENABLE_DEBUG_INFO = YES;
				ONLY_ACTIVE_ARCH = YES;
				SDKROOT = iphoneos;
				SWIFT_ACTIVE_COMPILATION_CONDITIONS = DEBUG;
				SWIFT_OPTIMIZATION_LEVEL = "-Onone";
			};
			name = Debug;
		};
		04D6FA591F0A745A0091EFDE /* Release */ = {
			isa = XCBuildConfiguration;
			buildSettings = {
				ALWAYS_SEARCH_USER_PATHS = NO;
				CLANG_ANALYZER_NONNULL = YES;
				CLANG_ANALYZER_NUMBER_OBJECT_CONVERSION = YES_AGGRESSIVE;
				CLANG_CXX_LANGUAGE_STANDARD = "gnu++0x";
				CLANG_CXX_LIBRARY = "libc++";
				CLANG_ENABLE_MODULES = YES;
				CLANG_ENABLE_OBJC_ARC = YES;
				CLANG_WARN_BOOL_CONVERSION = YES;
				CLANG_WARN_CONSTANT_CONVERSION = YES;
				CLANG_WARN_DIRECT_OBJC_ISA_USAGE = YES_ERROR;
				CLANG_WARN_DOCUMENTATION_COMMENTS = YES;
				CLANG_WARN_EMPTY_BODY = YES;
				CLANG_WARN_ENUM_CONVERSION = YES;
				CLANG_WARN_INFINITE_RECURSION = YES;
				CLANG_WARN_INT_CONVERSION = YES;
				CLANG_WARN_OBJC_ROOT_CLASS = YES_ERROR;
				CLANG_WARN_SUSPICIOUS_MOVE = YES;
				CLANG_WARN_UNREACHABLE_CODE = YES;
				CLANG_WARN__DUPLICATE_METHOD_MATCH = YES;
				"CODE_SIGN_IDENTITY[sdk=iphoneos*]" = "iPhone Developer";
				COPY_PHASE_STRIP = NO;
				DEBUG_INFORMATION_FORMAT = "dwarf-with-dsym";
				ENABLE_NS_ASSERTIONS = NO;
				ENABLE_STRICT_OBJC_MSGSEND = YES;
				GCC_C_LANGUAGE_STANDARD = gnu99;
				GCC_NO_COMMON_BLOCKS = YES;
				GCC_WARN_64_TO_32_BIT_CONVERSION = YES;
				GCC_WARN_ABOUT_RETURN_TYPE = YES_ERROR;
				GCC_WARN_UNDECLARED_SELECTOR = YES;
				GCC_WARN_UNINITIALIZED_AUTOS = YES_AGGRESSIVE;
				GCC_WARN_UNUSED_FUNCTION = YES;
				GCC_WARN_UNUSED_VARIABLE = YES;
				IPHONEOS_DEPLOYMENT_TARGET = 10.3;
				MTL_ENABLE_DEBUG_INFO = NO;
				SDKROOT = iphoneos;
				SWIFT_OPTIMIZATION_LEVEL = "-Owholemodule";
				VALIDATE_PRODUCT = YES;
			};
			name = Release;
		};
		04D6FA5B1F0A745A0091EFDE /* Debug */ = {
			isa = XCBuildConfiguration;
			baseConfigurationReference = 61FABB35AAA78C5985CCB57F /* Pods-ios1.debug.xcconfig */;
			buildSettings = {
				ASSETCATALOG_COMPILER_APPICON_NAME = AppIcon;
				DEVELOPMENT_TEAM = XGZJX339KV;
				INFOPLIST_FILE = ios1/Info.plist;
				LD_RUNPATH_SEARCH_PATHS = "$(inherited) @executable_path/Frameworks";
				PRODUCT_BUNDLE_IDENTIFIER = com.roberthsu2003.ios1;
				PRODUCT_NAME = "$(TARGET_NAME)";
				SWIFT_VERSION = 3.0;
			};
			name = Debug;
		};
		04D6FA5C1F0A745A0091EFDE /* Release */ = {
			isa = XCBuildConfiguration;
			baseConfigurationReference = 36A4E682F0FB61BDFCC181AA /* Pods-ios1.release.xcconfig */;
			buildSettings = {
				ASSETCATALOG_COMPILER_APPICON_NAME = AppIcon;
				DEVELOPMENT_TEAM = XGZJX339KV;
				INFOPLIST_FILE = ios1/Info.plist;
				LD_RUNPATH_SEARCH_PATHS = "$(inherited) @executable_path/Frameworks";
				PRODUCT_BUNDLE_IDENTIFIER = com.roberthsu2003.ios1;
				PRODUCT_NAME = "$(TARGET_NAME)";
				SWIFT_VERSION = 3.0;
			};
			name = Release;
		};
/* End XCBuildConfiguration section */

/* Begin XCConfigurationList section */
		04D6FA431F0A745A0091EFDE /* Build configuration list for PBXProject "ios1" */ = {
			isa = XCConfigurationList;
			buildConfigurations = (
				04D6FA581F0A745A0091EFDE /* Debug */,
				04D6FA591F0A745A0091EFDE /* Release */,
			);
			defaultConfigurationIsVisible = 0;
			defaultConfigurationName = Release;
		};
		04D6FA5A1F0A745A0091EFDE /* Build configuration list for PBXNativeTarget "ios1" */ = {
			isa = XCConfigurationList;
			buildConfigurations = (
				04D6FA5B1F0A745A0091EFDE /* Debug */,
				04D6FA5C1F0A745A0091EFDE /* Release */,
			);
			defaultConfigurationIsVisible = 0;
			defaultConfigurationName = Release;
		};
/* End XCConfigurationList section */
	};
	rootObject = 04D6FA401F0A745A0091EFDE /* Project object */;
}
