// !$*UTF8*$!
{
	archiveVersion = 1;
	classes = {
	};
	objectVersion = 46;
	objects = {

/* Begin PBXBuildFile section */
		0450D3E81EF94BF700D029AB /* AppDelegate.swift in Sources */ = {isa = PBXBuildFile; fileRef = 0450D3E71EF94BF700D029AB /* AppDelegate.swift */; };
		0450D3EA1EF94BF700D029AB /* ViewController.swift in Sources */ = {isa = PBXBuildFile; fileRef = 0450D3E91EF94BF700D029AB /* ViewController.swift */; };
		0450D3ED1EF94BF700D029AB /* Main.storyboard in Resources */ = {isa = PBXBuildFile; fileRef = 0450D3EB1EF94BF700D029AB /* Main.storyboard */; };
		0450D3EF1EF94BF700D029AB /* Assets.xcassets in Resources */ = {isa = PBXBuildFile; fileRef = 0450D3EE1EF94BF700D029AB /* Assets.xcassets */; };
		0450D3F21EF94BF700D029AB /* LaunchScreen.storyboard in Resources */ = {isa = PBXBuildFile; fileRef = 0450D3F01EF94BF700D029AB /* LaunchScreen.storyboard */; };
		0450D3FA1EF94C2000D029AB /* GoogleService-Info.plist in Resources */ = {isa = PBXBuildFile; fileRef = 0450D3F91EF94C2000D029AB /* GoogleService-Info.plist */; };
		76841F3A47FB38CCB80F54F3 /* Pods_ios1.framework in Frameworks */ = {isa = PBXBuildFile; fileRef = 303010E2E6F1E373721F09B4 /* Pods_ios1.framework */; };
/* End PBXBuildFile section */

/* Begin PBXFileReference section */
		0450D3E41EF94BF700D029AB /* ios1.app */ = {isa = PBXFileReference; explicitFileType = wrapper.application; includeInIndex = 0; path = ios1.app; sourceTree = BUILT_PRODUCTS_DIR; };
		0450D3E71EF94BF700D029AB /* AppDelegate.swift */ = {isa = PBXFileReference; lastKnownFileType = sourcecode.swift; path = AppDelegate.swift; sourceTree = "<group>"; };
		0450D3E91EF94BF700D029AB /* ViewController.swift */ = {isa = PBXFileReference; lastKnownFileType = sourcecode.swift; path = ViewController.swift; sourceTree = "<group>"; };
		0450D3EC1EF94BF700D029AB /* Base */ = {isa = PBXFileReference; lastKnownFileType = file.storyboard; name = Base; path = Base.lproj/Main.storyboard; sourceTree = "<group>"; };
		0450D3EE1EF94BF700D029AB /* Assets.xcassets */ = {isa = PBXFileReference; lastKnownFileType = folder.assetcatalog; path = Assets.xcassets; sourceTree = "<group>"; };
		0450D3F11EF94BF700D029AB /* Base */ = {isa = PBXFileReference; lastKnownFileType = file.storyboard; name = Base; path = Base.lproj/LaunchScreen.storyboard; sourceTree = "<group>"; };
		0450D3F31EF94BF700D029AB /* Info.plist */ = {isa = PBXFileReference; lastKnownFileType = text.plist.xml; path = Info.plist; sourceTree = "<group>"; };
		0450D3F91EF94C2000D029AB /* GoogleService-Info.plist */ = {isa = PBXFileReference; fileEncoding = 4; lastKnownFileType = text.plist.xml; name = "GoogleService-Info.plist"; path = "../GoogleService-Info.plist"; sourceTree = "<group>"; };
		1841D122D547E6282AF1BB17 /* Pods-ios1.release.xcconfig */ = {isa = PBXFileReference; includeInIndex = 1; lastKnownFileType = text.xcconfig; name = "Pods-ios1.release.xcconfig"; path = "Pods/Target Support Files/Pods-ios1/Pods-ios1.release.xcconfig"; sourceTree = "<group>"; };
		303010E2E6F1E373721F09B4 /* Pods_ios1.framework */ = {isa = PBXFileReference; explicitFileType = wrapper.framework; includeInIndex = 0; path = Pods_ios1.framework; sourceTree = BUILT_PRODUCTS_DIR; };
		403DE0A24CC9580B21EDDB8C /* Pods-ios1.debug.xcconfig */ = {isa = PBXFileReference; includeInIndex = 1; lastKnownFileType = text.xcconfig; name = "Pods-ios1.debug.xcconfig"; path = "Pods/Target Support Files/Pods-ios1/Pods-ios1.debug.xcconfig"; sourceTree = "<group>"; };
/* End PBXFileReference section */

/* Begin PBXFrameworksBuildPhase section */
		0450D3E11EF94BF700D029AB /* Frameworks */ = {
			isa = PBXFrameworksBuildPhase;
			buildActionMask = 2147483647;
			files = (
				76841F3A47FB38CCB80F54F3 /* Pods_ios1.framework in Frameworks */,
			);
			runOnlyForDeploymentPostprocessing = 0;
		};
/* End PBXFrameworksBuildPhase section */

/* Begin PBXGroup section */
		0450D3DB1EF94BF700D029AB = {
			isa = PBXGroup;
			children = (
				0450D3E61EF94BF700D029AB /* ios1 */,
				0450D3E51EF94BF700D029AB /* Products */,
				E978AD1C62E03FB6956CE6B7 /* Pods */,
				BE37BEB37BEE468734CC8725 /* Frameworks */,
			);
			sourceTree = "<group>";
		};
		0450D3E51EF94BF700D029AB /* Products */ = {
			isa = PBXGroup;
			children = (
				0450D3E41EF94BF700D029AB /* ios1.app */,
			);
			name = Products;
			sourceTree = "<group>";
		};
		0450D3E61EF94BF700D029AB /* ios1 */ = {
			isa = PBXGroup;
			children = (
				0450D3F91EF94C2000D029AB /* GoogleService-Info.plist */,
				0450D3E71EF94BF700D029AB /* AppDelegate.swift */,
				0450D3E91EF94BF700D029AB /* ViewController.swift */,
				0450D3EB1EF94BF700D029AB /* Main.storyboard */,
				0450D3EE1EF94BF700D029AB /* Assets.xcassets */,
				0450D3F01EF94BF700D029AB /* LaunchScreen.storyboard */,
				0450D3F31EF94BF700D029AB /* Info.plist */,
			);
			path = ios1;
			sourceTree = "<group>";
		};
		BE37BEB37BEE468734CC8725 /* Frameworks */ = {
			isa = PBXGroup;
			children = (
				303010E2E6F1E373721F09B4 /* Pods_ios1.framework */,
			);
			name = Frameworks;
			sourceTree = "<group>";
		};
		E978AD1C62E03FB6956CE6B7 /* Pods */ = {
			isa = PBXGroup;
			children = (
				403DE0A24CC9580B21EDDB8C /* Pods-ios1.debug.xcconfig */,
				1841D122D547E6282AF1BB17 /* Pods-ios1.release.xcconfig */,
			);
			name = Pods;
			sourceTree = "<group>";
		};
/* End PBXGroup section */

/* Begin PBXNativeTarget section */
		0450D3E31EF94BF700D029AB /* ios1 */ = {
			isa = PBXNativeTarget;
			buildConfigurationList = 0450D3F61EF94BF700D029AB /* Build configuration list for PBXNativeTarget "ios1" */;
			buildPhases = (
				B47817CC8B0114712B951239 /* [CP] Check Pods Manifest.lock */,
				0450D3E01EF94BF700D029AB /* Sources */,
				0450D3E11EF94BF700D029AB /* Frameworks */,
				0450D3E21EF94BF700D029AB /* Resources */,
				9B3D72CF450423744A67D951 /* [CP] Embed Pods Frameworks */,
				D2841718850E1781B9A81113 /* [CP] Copy Pods Resources */,
			);
			buildRules = (
			);
			dependencies = (
			);
			name = ios1;
			productName = ios1;
			productReference = 0450D3E41EF94BF700D029AB /* ios1.app */;
			productType = "com.apple.product-type.application";
		};
/* End PBXNativeTarget section */

/* Begin PBXProject section */
		0450D3DC1EF94BF700D029AB /* Project object */ = {
			isa = PBXProject;
			attributes = {
				LastSwiftUpdateCheck = 0830;
				LastUpgradeCheck = 0830;
				ORGANIZATIONNAME = led_DataBase;
				TargetAttributes = {
					0450D3E31EF94BF700D029AB = {
						CreatedOnToolsVersion = 8.3.1;
						DevelopmentTeam = XGZJX339KV;
						ProvisioningStyle = Automatic;
					};
				};
			};
			buildConfigurationList = 0450D3DF1EF94BF700D029AB /* Build configuration list for PBXProject "ios1" */;
			compatibilityVersion = "Xcode 3.2";
			developmentRegion = English;
			hasScannedForEncodings = 0;
			knownRegions = (
				en,
				Base,
			);
			mainGroup = 0450D3DB1EF94BF700D029AB;
			productRefGroup = 0450D3E51EF94BF700D029AB /* Products */;
			projectDirPath = "";
			projectRoot = "";
			targets = (
				0450D3E31EF94BF700D029AB /* ios1 */,
			);
		};
/* End PBXProject section */

/* Begin PBXResourcesBuildPhase section */
		0450D3E21EF94BF700D029AB /* Resources */ = {
			isa = PBXResourcesBuildPhase;
			buildActionMask = 2147483647;
			files = (
				0450D3F21EF94BF700D029AB /* LaunchScreen.storyboard in Resources */,
				0450D3FA1EF94C2000D029AB /* GoogleService-Info.plist in Resources */,
				0450D3EF1EF94BF700D029AB /* Assets.xcassets in Resources */,
				0450D3ED1EF94BF700D029AB /* Main.storyboard in Resources */,
			);
			runOnlyForDeploymentPostprocessing = 0;
		};
/* End PBXResourcesBuildPhase section */

/* Begin PBXShellScriptBuildPhase section */
		9B3D72CF450423744A67D951 /* [CP] Embed Pods Frameworks */ = {
			isa = PBXShellScriptBuildPhase;
			buildActionMask = 2147483647;
			files = (
			);
			inputPaths = (
			);
			name = "[CP] Embed Pods Frameworks";
			outputPaths = (
			);
			runOnlyForDeploymentPostprocessing = 0;
			shellPath = /bin/sh;
			shellScript = "\"${SRCROOT}/Pods/Target Support Files/Pods-ios1/Pods-ios1-frameworks.sh\"\n";
			showEnvVarsInLog = 0;
		};
		B47817CC8B0114712B951239 /* [CP] Check Pods Manifest.lock */ = {
			isa = PBXShellScriptBuildPhase;
			buildActionMask = 2147483647;
			files = (
			);
			inputPaths = (
			);
			name = "[CP] Check Pods Manifest.lock";
			outputPaths = (
			);
			runOnlyForDeploymentPostprocessing = 0;
			shellPath = /bin/sh;
			shellScript = "diff \"${PODS_PODFILE_DIR_PATH}/Podfile.lock\" \"${PODS_ROOT}/Manifest.lock\" > /dev/null\nif [ $? != 0 ] ; then\n    # print error to STDERR\n    echo \"error: The sandbox is not in sync with the Podfile.lock. Run 'pod install' or update your CocoaPods installation.\" >&2\n    exit 1\nfi\n";
			showEnvVarsInLog = 0;
		};
		D2841718850E1781B9A81113 /* [CP] Copy Pods Resources */ = {
			isa = PBXShellScriptBuildPhase;
			buildActionMask = 2147483647;
			files = (
			);
			inputPaths = (
			);
			name = "[CP] Copy Pods Resources";
			outputPaths = (
			);
			runOnlyForDeploymentPostprocessing = 0;
			shellPath = /bin/sh;
			shellScript = "\"${SRCROOT}/Pods/Target Support Files/Pods-ios1/Pods-ios1-resources.sh\"\n";
			showEnvVarsInLog = 0;
		};
/* End PBXShellScriptBuildPhase section */

/* Begin PBXSourcesBuildPhase section */
		0450D3E01EF94BF700D029AB /* Sources */ = {
			isa = PBXSourcesBuildPhase;
			buildActionMask = 2147483647;
			files = (
				0450D3EA1EF94BF700D029AB /* ViewController.swift in Sources */,
				0450D3E81EF94BF700D029AB /* AppDelegate.swift in Sources */,
			);
			runOnlyForDeploymentPostprocessing = 0;
		};
/* End PBXSourcesBuildPhase section */

/* Begin PBXVariantGroup section */
		0450D3EB1EF94BF700D029AB /* Main.storyboard */ = {
			isa = PBXVariantGroup;
			children = (
				0450D3EC1EF94BF700D029AB /* Base */,
			);
			name = Main.storyboard;
			sourceTree = "<group>";
		};
		0450D3F01EF94BF700D029AB /* LaunchScreen.storyboard */ = {
			isa = PBXVariantGroup;
			children = (
				0450D3F11EF94BF700D029AB /* Base */,
			);
			name = LaunchScreen.storyboard;
			sourceTree = "<group>";
		};
/* End PBXVariantGroup section */

/* Begin XCBuildConfiguration section */
		0450D3F41EF94BF700D029AB /* Debug */ = {
			isa = XCBuildConfiguration;
			buildSettings = {
				ALWAYS_SEARCH_USER_PATHS = NO;
				CLANG_ANALYZER_NONNULL = YES;
				CLANG_ANALYZER_NUMBER_OBJECT_CONVERSION = YES_AGGRESSIVE;
				CLANG_CXX_LANGUAGE_STANDARD = "gnu++0x";
				CLANG_CXX_LIBRARY = "libc++";
				CLANG_ENABLE_MODULES = YES;
				CLANG_ENABLE_OBJC_ARC = YES;
				CLANG_WARN_BOOL_CONVERSION = YES;
				CLANG_WARN_CONSTANT_CONVERSION = YES;
				CLANG_WARN_DIRECT_OBJC_ISA_USAGE = YES_ERROR;
				CLANG_WARN_DOCUMENTATION_COMMENTS = YES;
				CLANG_WARN_EMPTY_BODY = YES;
				CLANG_WARN_ENUM_CONVERSION = YES;
				CLANG_WARN_INFINITE_RECURSION = YES;
				CLANG_WARN_INT_CONVERSION = YES;
				CLANG_WARN_OBJC_ROOT_CLASS = YES_ERROR;
				CLANG_WARN_SUSPICIOUS_MOVE = YES;
				CLANG_WARN_UNREACHABLE_CODE = YES;
				CLANG_WARN__DUPLICATE_METHOD_MATCH = YES;
				"CODE_SIGN_IDENTITY[sdk=iphoneos*]" = "iPhone Developer";
				COPY_PHASE_STRIP = NO;
				DEBUG_INFORMATION_FORMAT = dwarf;
				ENABLE_STRICT_OBJC_MSGSEND = YES;
				ENABLE_TESTABILITY = YES;
				GCC_C_LANGUAGE_STANDARD = gnu99;
				GCC_DYNAMIC_NO_PIC = NO;
				GCC_NO_COMMON_BLOCKS = YES;
				GCC_OPTIMIZATION_LEVEL = 0;
				GCC_PREPROCESSOR_DEFINITIONS = (
					"DEBUG=1",
					"$(inherited)",
				);
				GCC_WARN_64_TO_32_BIT_CONVERSION = YES;
				GCC_WARN_ABOUT_RETURN_TYPE = YES_ERROR;
				GCC_WARN_UNDECLARED_SELECTOR = YES;
				GCC_WARN_UNINITIALIZED_AUTOS = YES_AGGRESSIVE;
				GCC_WARN_UNUSED_FUNCTION = YES;
				GCC_WARN_UNUSED_VARIABLE = YES;
				IPHONEOS_DEPLOYMENT_TARGET = 10.3;
				MTL_ENABLE_DEBUG_INFO = YES;
				ONLY_ACTIVE_ARCH = YES;
				SDKROOT = iphoneos;
				SWIFT_ACTIVE_COMPILATION_CONDITIONS = DEBUG;
				SWIFT_OPTIMIZATION_LEVEL = "-Onone";
			};
			name = Debug;
		};
		0450D3F51EF94BF700D029AB /* Release */ = {
			isa = XCBuildConfiguration;
			buildSettings = {
				ALWAYS_SEARCH_USER_PATHS = NO;
				CLANG_ANALYZER_NONNULL = YES;
				CLANG_ANALYZER_NUMBER_OBJECT_CONVERSION = YES_AGGRESSIVE;
				CLANG_CXX_LANGUAGE_STANDARD = "gnu++0x";
				CLANG_CXX_LIBRARY = "libc++";
				CLANG_ENABLE_MODULES = YES;
				CLANG_ENABLE_OBJC_ARC = YES;
				CLANG_WARN_BOOL_CONVERSION = YES;
				CLANG_WARN_CONSTANT_CONVERSION = YES;
				CLANG_WARN_DIRECT_OBJC_ISA_USAGE = YES_ERROR;
				CLANG_WARN_DOCUMENTATION_COMMENTS = YES;
				CLANG_WARN_EMPTY_BODY = YES;
				CLANG_WARN_ENUM_CONVERSION = YES;
				CLANG_WARN_INFINITE_RECURSION = YES;
				CLANG_WARN_INT_CONVERSION = YES;
				CLANG_WARN_OBJC_ROOT_CLASS = YES_ERROR;
				CLANG_WARN_SUSPICIOUS_MOVE = YES;
				CLANG_WARN_UNREACHABLE_CODE = YES;
				CLANG_WARN__DUPLICATE_METHOD_MATCH = YES;
				"CODE_SIGN_IDENTITY[sdk=iphoneos*]" = "iPhone Developer";
				COPY_PHASE_STRIP = NO;
				DEBUG_INFORMATION_FORMAT = "dwarf-with-dsym";
				ENABLE_NS_ASSERTIONS = NO;
				ENABLE_STRICT_OBJC_MSGSEND = YES;
				GCC_C_LANGUAGE_STANDARD = gnu99;
				GCC_NO_COMMON_BLOCKS = YES;
				GCC_WARN_64_TO_32_BIT_CONVERSION = YES;
				GCC_WARN_ABOUT_RETURN_TYPE = YES_ERROR;
				GCC_WARN_UNDECLARED_SELECTOR = YES;
				GCC_WARN_UNINITIALIZED_AUTOS = YES_AGGRESSIVE;
				GCC_WARN_UNUSED_FUNCTION = YES;
				GCC_WARN_UNUSED_VARIABLE = YES;
				IPHONEOS_DEPLOYMENT_TARGET = 10.3;
				MTL_ENABLE_DEBUG_INFO = NO;
				SDKROOT = iphoneos;
				SWIFT_OPTIMIZATION_LEVEL = "-Owholemodule";
				VALIDATE_PRODUCT = YES;
			};
			name = Release;
		};
		0450D3F71EF94BF700D029AB /* Debug */ = {
			isa = XCBuildConfiguration;
			baseConfigurationReference = 403DE0A24CC9580B21EDDB8C /* Pods-ios1.debug.xcconfig */;
			buildSettings = {
				ASSETCATALOG_COMPILER_APPICON_NAME = AppIcon;
				DEVELOPMENT_TEAM = XGZJX339KV;
				INFOPLIST_FILE = ios1/Info.plist;
				LD_RUNPATH_SEARCH_PATHS = "$(inherited) @executable_path/Frameworks";
				PRODUCT_BUNDLE_IDENTIFIER = com.roberthsu2003.ios1;
				PRODUCT_NAME = "$(TARGET_NAME)";
				SWIFT_VERSION = 3.0;
			};
			name = Debug;
		};
		0450D3F81EF94BF700D029AB /* Release */ = {
			isa = XCBuildConfiguration;
			baseConfigurationReference = 1841D122D547E6282AF1BB17 /* Pods-ios1.release.xcconfig */;
			buildSettings = {
				ASSETCATALOG_COMPILER_APPICON_NAME = AppIcon;
				DEVELOPMENT_TEAM = XGZJX339KV;
				INFOPLIST_FILE = ios1/Info.plist;
				LD_RUNPATH_SEARCH_PATHS = "$(inherited) @executable_path/Frameworks";
				PRODUCT_BUNDLE_IDENTIFIER = com.roberthsu2003.ios1;
				PRODUCT_NAME = "$(TARGET_NAME)";
				SWIFT_VERSION = 3.0;
			};
			name = Release;
		};
/* End XCBuildConfiguration section */

/* Begin XCConfigurationList section */
		0450D3DF1EF94BF700D029AB /* Build configuration list for PBXProject "ios1" */ = {
			isa = XCConfigurationList;
			buildConfigurations = (
				0450D3F41EF94BF700D029AB /* Debug */,
				0450D3F51EF94BF700D029AB /* Release */,
			);
			defaultConfigurationIsVisible = 0;
			defaultConfigurationName = Release;
		};
		0450D3F61EF94BF700D029AB /* Build configuration list for PBXNativeTarget "ios1" */ = {
			isa = XCConfigurationList;
			buildConfigurations = (
				0450D3F71EF94BF700D029AB /* Debug */,
				0450D3F81EF94BF700D029AB /* Release */,
			);
			defaultConfigurationIsVisible = 0;
			defaultConfigurationName = Release;
		};
/* End XCConfigurationList section */
	};
	rootObject = 0450D3DC1EF94BF700D029AB /* Project object */;
}
